// !$*UTF8*$!
{
	archiveVersion = 1;
	classes = {
	};
	objectVersion = 77;
	objects = {

/* Begin PBXBuildFile section */
		074687842DCDF0B3003B763D /* Gemfile in Resources */ = {isa = PBXBuildFile; fileRef = 074687832DCDF0B0003B763D /* Gemfile */; };
		0746878C2DCDF348003B763D /* sonar-project.properties in Resources */ = {isa = PBXBuildFile; fileRef = 0746878B2DCDF346003B763D /* sonar-project.properties */; };
		0746878E2DCE0776003B763D /* Podfile in Resources */ = {isa = PBXBuildFile; fileRef = 0746878D2DCE0772003B763D /* Podfile */; };
/* End PBXBuildFile section */

/* Begin PBXContainerItemProxy section */
		074687612DCDEE04003B763D /* PBXContainerItemProxy */ = {
			isa = PBXContainerItemProxy;
			containerPortal = 074687422DCDEE02003B763D /* Project object */;
			proxyType = 1;
			remoteGlobalIDString = 074687492DCDEE02003B763D;
			remoteInfo = green;
		};
		0746876B2DCDEE04003B763D /* PBXContainerItemProxy */ = {
			isa = PBXContainerItemProxy;
			containerPortal = 074687422DCDEE02003B763D /* Project object */;
			proxyType = 1;
			remoteGlobalIDString = 074687492DCDEE02003B763D;
			remoteInfo = green;
		};
/* End PBXContainerItemProxy section */

/* Begin PBXFileReference section */
		0746874A2DCDEE02003B763D /* green.app */ = {isa = PBXFileReference; explicitFileType = wrapper.application; includeInIndex = 0; path = green.app; sourceTree = BUILT_PRODUCTS_DIR; };
		074687602DCDEE04003B763D /* greenTests.xctest */ = {isa = PBXFileReference; explicitFileType = wrapper.cfbundle; includeInIndex = 0; path = greenTests.xctest; sourceTree = BUILT_PRODUCTS_DIR; };
		0746876A2DCDEE04003B763D /* greenUITests.xctest */ = {isa = PBXFileReference; explicitFileType = wrapper.cfbundle; includeInIndex = 0; path = greenUITests.xctest; sourceTree = BUILT_PRODUCTS_DIR; };
		074687832DCDF0B0003B763D /* Gemfile */ = {isa = PBXFileReference; lastKnownFileType = text; path = Gemfile; sourceTree = "<group>"; };
		0746878B2DCDF346003B763D /* sonar-project.properties */ = {isa = PBXFileReference; lastKnownFileType = text; path = "sonar-project.properties"; sourceTree = "<group>"; };
		0746878D2DCE0772003B763D /* Podfile */ = {isa = PBXFileReference; lastKnownFileType = text; path = Podfile; sourceTree = "<group>"; };
/* End PBXFileReference section */

/* Begin PBXFileSystemSynchronizedBuildFileExceptionSet section */
		074687722DCDEE04003B763D /* Exceptions for "green" folder in "green" target */ = {
			isa = PBXFileSystemSynchronizedBuildFileExceptionSet;
			membershipExceptions = (
				Info.plist,
			);
			target = 074687492DCDEE02003B763D /* green */;
		};
/* End PBXFileSystemSynchronizedBuildFileExceptionSet section */

/* Begin PBXFileSystemSynchronizedRootGroup section */
		0746874C2DCDEE02003B763D /* green */ = {
			isa = PBXFileSystemSynchronizedRootGroup;
			exceptions = (
				074687722DCDEE04003B763D /* Exceptions for "green" folder in "green" target */,
			);
			path = green;
			sourceTree = "<group>";
		};
		074687632DCDEE04003B763D /* greenTests */ = {
			isa = PBXFileSystemSynchronizedRootGroup;
			path = greenTests;
			sourceTree = "<group>";
		};
		0746876D2DCDEE04003B763D /* greenUITests */ = {
			isa = PBXFileSystemSynchronizedRootGroup;
			path = greenUITests;
			sourceTree = "<group>";
		};
		0746877E2DCDEECB003B763D /* .github */ = {
			isa = PBXFileSystemSynchronizedRootGroup;
			path = .github;
			sourceTree = "<group>";
		};
		074687862DCDF1FE003B763D /* fastlane */ = {
			isa = PBXFileSystemSynchronizedRootGroup;
			path = fastlane;
			sourceTree = "<group>";
		};
/* End PBXFileSystemSynchronizedRootGroup section */

/* Begin PBXFrameworksBuildPhase section */
		074687472DCDEE02003B763D /* Frameworks */ = {
			isa = PBXFrameworksBuildPhase;
			buildActionMask = 2147483647;
			files = (
			);
			runOnlyForDeploymentPostprocessing = 0;
		};
		0746875D2DCDEE04003B763D /* Frameworks */ = {
			isa = PBXFrameworksBuildPhase;
			buildActionMask = 2147483647;
			files = (
			);
			runOnlyForDeploymentPostprocessing = 0;
		};
		074687672DCDEE04003B763D /* Frameworks */ = {
			isa = PBXFrameworksBuildPhase;
			buildActionMask = 2147483647;
			files = (
			);
			runOnlyForDeploymentPostprocessing = 0;
		};
/* End PBXFrameworksBuildPhase section */

/* Begin PBXGroup section */
		074687412DCDEE02003B763D = {
			isa = PBXGroup;
			children = (
				0746878D2DCE0772003B763D /* Podfile */,
				0746878B2DCDF346003B763D /* sonar-project.properties */,
				074687862DCDF1FE003B763D /* fastlane */,
				074687832DCDF0B0003B763D /* Gemfile */,
				0746877E2DCDEECB003B763D /* .github */,
				0746874C2DCDEE02003B763D /* green */,
				074687632DCDEE04003B763D /* greenTests */,
				0746876D2DCDEE04003B763D /* greenUITests */,
				0746874B2DCDEE02003B763D /* Products */,
			);
			sourceTree = "<group>";
		};
		0746874B2DCDEE02003B763D /* Products */ = {
			isa = PBXGroup;
			children = (
				0746874A2DCDEE02003B763D /* green.app */,
				074687602DCDEE04003B763D /* greenTests.xctest */,
				0746876A2DCDEE04003B763D /* greenUITests.xctest */,
			);
			name = Products;
			sourceTree = "<group>";
		};
/* End PBXGroup section */

/* Begin PBXNativeTarget section */
		074687492DCDEE02003B763D /* green */ = {
			isa = PBXNativeTarget;
			buildConfigurationList = 074687732DCDEE04003B763D /* Build configuration list for PBXNativeTarget "green" */;
			buildPhases = (
				074687462DCDEE02003B763D /* Sources */,
				074687472DCDEE02003B763D /* Frameworks */,
				074687482DCDEE02003B763D /* Resources */,
			);
			buildRules = (
			);
			dependencies = (
			);
			fileSystemSynchronizedGroups = (
				0746874C2DCDEE02003B763D /* green */,
				0746877E2DCDEECB003B763D /* .github */,
				074687862DCDF1FE003B763D /* fastlane */,
			);
			name = green;
			packageProductDependencies = (
			);
			productName = green;
			productReference = 0746874A2DCDEE02003B763D /* green.app */;
			productType = "com.apple.product-type.application";
		};
		0746875F2DCDEE04003B763D /* greenTests */ = {
			isa = PBXNativeTarget;
			buildConfigurationList = 074687782DCDEE04003B763D /* Build configuration list for PBXNativeTarget "greenTests" */;
			buildPhases = (
				0746875C2DCDEE04003B763D /* Sources */,
				0746875D2DCDEE04003B763D /* Frameworks */,
				0746875E2DCDEE04003B763D /* Resources */,
			);
			buildRules = (
			);
			dependencies = (
				074687622DCDEE04003B763D /* PBXTargetDependency */,
			);
			fileSystemSynchronizedGroups = (
				074687632DCDEE04003B763D /* greenTests */,
			);
			name = greenTests;
			packageProductDependencies = (
			);
			productName = greenTests;
			productReference = 074687602DCDEE04003B763D /* greenTests.xctest */;
			productType = "com.apple.product-type.bundle.unit-test";
		};
		074687692DCDEE04003B763D /* greenUITests */ = {
			isa = PBXNativeTarget;
			buildConfigurationList = 0746877B2DCDEE04003B763D /* Build configuration list for PBXNativeTarget "greenUITests" */;
			buildPhases = (
				074687662DCDEE04003B763D /* Sources */,
				074687672DCDEE04003B763D /* Frameworks */,
				074687682DCDEE04003B763D /* Resources */,
			);
			buildRules = (
			);
			dependencies = (
				0746876C2DCDEE04003B763D /* PBXTargetDependency */,
			);
			fileSystemSynchronizedGroups = (
				0746876D2DCDEE04003B763D /* greenUITests */,
			);
			name = greenUITests;
			packageProductDependencies = (
			);
			productName = greenUITests;
			productReference = 0746876A2DCDEE04003B763D /* greenUITests.xctest */;
			productType = "com.apple.product-type.bundle.ui-testing";
		};
/* End PBXNativeTarget section */

/* Begin PBXProject section */
		074687422DCDEE02003B763D /* Project object */ = {
			isa = PBXProject;
			attributes = {
				BuildIndependentTargetsInParallel = 1;
				LastSwiftUpdateCheck = 1630;
				LastUpgradeCheck = 1630;
				TargetAttributes = {
					074687492DCDEE02003B763D = {
						CreatedOnToolsVersion = 16.3;
					};
					0746875F2DCDEE04003B763D = {
						CreatedOnToolsVersion = 16.3;
						TestTargetID = 074687492DCDEE02003B763D;
					};
					074687692DCDEE04003B763D = {
						CreatedOnToolsVersion = 16.3;
						TestTargetID = 074687492DCDEE02003B763D;
					};
				};
			};
			buildConfigurationList = 074687452DCDEE02003B763D /* Build configuration list for PBXProject "green" */;
			developmentRegion = en;
			hasScannedForEncodings = 0;
			knownRegions = (
				en,
				Base,
			);
			mainGroup = 074687412DCDEE02003B763D;
			minimizedProjectReferenceProxies = 1;
			preferredProjectObjectVersion = 77;
			productRefGroup = 0746874B2DCDEE02003B763D /* Products */;
			projectDirPath = "";
			projectRoot = "";
			targets = (
				074687492DCDEE02003B763D /* green */,
				0746875F2DCDEE04003B763D /* greenTests */,
				074687692DCDEE04003B763D /* greenUITests */,
			);
		};
/* End PBXProject section */

/* Begin PBXResourcesBuildPhase section */
		074687482DCDEE02003B763D /* Resources */ = {
			isa = PBXResourcesBuildPhase;
			buildActionMask = 2147483647;
			files = (
				0746878C2DCDF348003B763D /* sonar-project.properties in Resources */,
				0746878E2DCE0776003B763D /* Podfile in Resources */,
				074687842DCDF0B3003B763D /* Gemfile in Resources */,
			);
			runOnlyForDeploymentPostprocessing = 0;
		};
		0746875E2DCDEE04003B763D /* Resources */ = {
			isa = PBXResourcesBuildPhase;
			buildActionMask = 2147483647;
			files = (
			);
			runOnlyForDeploymentPostprocessing = 0;
		};
		074687682DCDEE04003B763D /* Resources */ = {
			isa = PBXResourcesBuildPhase;
			buildActionMask = 2147483647;
			files = (
			);
			runOnlyForDeploymentPostprocessing = 0;
		};
/* End PBXResourcesBuildPhase section */

/* Begin PBXSourcesBuildPhase section */
		074687462DCDEE02003B763D /* Sources */ = {
			isa = PBXSourcesBuildPhase;
			buildActionMask = 2147483647;
			files = (
			);
			runOnlyForDeploymentPostprocessing = 0;
		};
		0746875C2DCDEE04003B763D /* Sources */ = {
			isa = PBXSourcesBuildPhase;
			buildActionMask = 2147483647;
			files = (
			);
			runOnlyForDeploymentPostprocessing = 0;
		};
		074687662DCDEE04003B763D /* Sources */ = {
			isa = PBXSourcesBuildPhase;
			buildActionMask = 2147483647;
			files = (
			);
			runOnlyForDeploymentPostprocessing = 0;
		};
/* End PBXSourcesBuildPhase section */

/* Begin PBXTargetDependency section */
		074687622DCDEE04003B763D /* PBXTargetDependency */ = {
			isa = PBXTargetDependency;
			target = 074687492DCDEE02003B763D /* green */;
			targetProxy = 074687612DCDEE04003B763D /* PBXContainerItemProxy */;
		};
		0746876C2DCDEE04003B763D /* PBXTargetDependency */ = {
			isa = PBXTargetDependency;
			target = 074687492DCDEE02003B763D /* green */;
			targetProxy = 0746876B2DCDEE04003B763D /* PBXContainerItemProxy */;
		};
/* End PBXTargetDependency section */

/* Begin XCBuildConfiguration section */
		074687742DCDEE04003B763D /* Debug */ = {
			isa = XCBuildConfiguration;
			buildSettings = {
				ASSETCATALOG_COMPILER_APPICON_NAME = AppIcon;
				ASSETCATALOG_COMPILER_GLOBAL_ACCENT_COLOR_NAME = AccentColor;
				CODE_SIGN_STYLE = Automatic;
				CURRENT_PROJECT_VERSION = 1;
				GENERATE_INFOPLIST_FILE = YES;
				INFOPLIST_FILE = green/Info.plist;
				INFOPLIST_KEY_UIApplicationSupportsIndirectInputEvents = YES;
				INFOPLIST_KEY_UILaunchStoryboardName = LaunchScreen;
				INFOPLIST_KEY_UIMainStoryboardFile = Main;
				INFOPLIST_KEY_UISupportedInterfaceOrientations_iPad = "UIInterfaceOrientationPortrait UIInterfaceOrientationPortraitUpsideDown UIInterfaceOrientationLandscapeLeft UIInterfaceOrientationLandscapeRight";
				INFOPLIST_KEY_UISupportedInterfaceOrientations_iPhone = "UIInterfaceOrientationPortrait UIInterfaceOrientationLandscapeLeft UIInterfaceOrientationLandscapeRight";
				IPHONEOS_DEPLOYMENT_TARGET = 18.2;
				LD_RUNPATH_SEARCH_PATHS = (
					"$(inherited)",
					"@executable_path/Frameworks",
				);
				MARKETING_VERSION = 1.0;
				PRODUCT_BUNDLE_IDENTIFIER = com.example.green;
				PRODUCT_NAME = "$(TARGET_NAME)";
				SWIFT_EMIT_LOC_STRINGS = YES;
				SWIFT_VERSION = 5.0;
				TARGETED_DEVICE_FAMILY = "1,2";
			};
			name = Debug;
		};
		074687752DCDEE04003B763D /* Release */ = {
			isa = XCBuildConfiguration;
			buildSettings = {
				ASSETCATALOG_COMPILER_APPICON_NAME = AppIcon;
				ASSETCATALOG_COMPILER_GLOBAL_ACCENT_COLOR_NAME = AccentColor;
				CODE_SIGN_STYLE = Automatic;
				CURRENT_PROJECT_VERSION = 1;
				GENERATE_INFOPLIST_FILE = YES;
				INFOPLIST_FILE = green/Info.plist;
				INFOPLIST_KEY_UIApplicationSupportsIndirectInputEvents = YES;
				INFOPLIST_KEY_UILaunchStoryboardName = LaunchScreen;
				INFOPLIST_KEY_UIMainStoryboardFile = Main;
				INFOPLIST_KEY_UISupportedInterfaceOrientations_iPad = "UIInterfaceOrientationPortrait UIInterfaceOrientationPortraitUpsideDown UIInterfaceOrientationLandscapeLeft UIInterfaceOrientationLandscapeRight";
				INFOPLIST_KEY_UISupportedInterfaceOrientations_iPhone = "UIInterfaceOrientationPortrait UIInterfaceOrientationLandscapeLeft UIInterfaceOrientationLandscapeRight";
				IPHONEOS_DEPLOYMENT_TARGET = 18.2;
				LD_RUNPATH_SEARCH_PATHS = (
					"$(inherited)",
					"@executable_path/Frameworks",
				);
				MARKETING_VERSION = 1.0;
				PRODUCT_BUNDLE_IDENTIFIER = com.example.green;
				PRODUCT_NAME = "$(TARGET_NAME)";
				SWIFT_EMIT_LOC_STRINGS = YES;
				SWIFT_VERSION = 5.0;
				TARGETED_DEVICE_FAMILY = "1,2";
			};
			name = Release;
		};
		074687762DCDEE04003B763D /* Debug */ = {
			isa = XCBuildConfiguration;
			buildSettings = {
				ALWAYS_SEARCH_USER_PATHS = NO;
				ASSETCATALOG_COMPILER_GENERATE_SWIFT_ASSET_SYMBOL_EXTENSIONS = YES;
				CLANG_ANALYZER_NONNULL = YES;
				CLANG_ANALYZER_NUMBER_OBJECT_CONVERSION = YES_AGGRESSIVE;
				CLANG_CXX_LANGUAGE_STANDARD = "gnu++20";
				CLANG_ENABLE_MODULES = YES;
				CLANG_ENABLE_OBJC_ARC = YES;
				CLANG_ENABLE_OBJC_WEAK = YES;
				CLANG_WARN_BLOCK_CAPTURE_AUTORELEASING = YES;
				CLANG_WARN_BOOL_CONVERSION = YES;
				CLANG_WARN_COMMA = YES;
				CLANG_WARN_CONSTANT_CONVERSION = YES;
				CLANG_WARN_DEPRECATED_OBJC_IMPLEMENTATIONS = YES;
				CLANG_WARN_DIRECT_OBJC_ISA_USAGE = YES_ERROR;
				CLANG_WARN_DOCUMENTATION_COMMENTS = YES;
				CLANG_WARN_EMPTY_BODY = YES;
				CLANG_WARN_ENUM_CONVERSION = YES;
				CLANG_WARN_INFINITE_RECURSION = YES;
				CLANG_WARN_INT_CONVERSION = YES;
				CLANG_WARN_NON_LITERAL_NULL_CONVERSION = YES;
				CLANG_WARN_OBJC_IMPLICIT_RETAIN_SELF = YES;
				CLANG_WARN_OBJC_LITERAL_CONVERSION = YES;
				CLANG_WARN_OBJC_ROOT_CLASS = YES_ERROR;
				CLANG_WARN_QUOTED_INCLUDE_IN_FRAMEWORK_HEADER = YES;
				CLANG_WARN_RANGE_LOOP_ANALYSIS = YES;
				CLANG_WARN_STRICT_PROTOTYPES = YES;
				CLANG_WARN_SUSPICIOUS_MOVE = YES;
				CLANG_WARN_UNGUARDED_AVAILABILITY = YES_AGGRESSIVE;
				CLANG_WARN_UNREACHABLE_CODE = YES;
				CLANG_WARN__DUPLICATE_METHOD_MATCH = YES;
				COPY_PHASE_STRIP = NO;
				DEBUG_INFORMATION_FORMAT = dwarf;
				ENABLE_STRICT_OBJC_MSGSEND = YES;
				ENABLE_TESTABILITY = YES;
				ENABLE_USER_SCRIPT_SANDBOXING = YES;
				GCC_C_LANGUAGE_STANDARD = gnu17;
				GCC_DYNAMIC_NO_PIC = NO;
				GCC_NO_COMMON_BLOCKS = YES;
				GCC_OPTIMIZATION_LEVEL = 0;
				GCC_PREPROCESSOR_DEFINITIONS = (
					"DEBUG=1",
					"$(inherited)",
				);
				GCC_WARN_64_TO_32_BIT_CONVERSION = YES;
				GCC_WARN_ABOUT_RETURN_TYPE = YES_ERROR;
				GCC_WARN_UNDECLARED_SELECTOR = YES;
				GCC_WARN_UNINITIALIZED_AUTOS = YES_AGGRESSIVE;
				GCC_WARN_UNUSED_FUNCTION = YES;
				GCC_WARN_UNUSED_VARIABLE = YES;
				IPHONEOS_DEPLOYMENT_TARGET = 18.4;
				LOCALIZATION_PREFERS_STRING_CATALOGS = YES;
				MTL_ENABLE_DEBUG_INFO = INCLUDE_SOURCE;
				MTL_FAST_MATH = YES;
				ONLY_ACTIVE_ARCH = YES;
				SDKROOT = iphoneos;
				SWIFT_ACTIVE_COMPILATION_CONDITIONS = "DEBUG $(inherited)";
				SWIFT_OPTIMIZATION_LEVEL = "-Onone";
			};
			name = Debug;
		};
		074687772DCDEE04003B763D /* Release */ = {
			isa = XCBuildConfiguration;
			buildSettings = {
				ALWAYS_SEARCH_USER_PATHS = NO;
				ASSETCATALOG_COMPILER_GENERATE_SWIFT_ASSET_SYMBOL_EXTENSIONS = YES;
				CLANG_ANALYZER_NONNULL = YES;
				CLANG_ANALYZER_NUMBER_OBJECT_CONVERSION = YES_AGGRESSIVE;
				CLANG_CXX_LANGUAGE_STANDARD = "gnu++20";
				CLANG_ENABLE_MODULES = YES;
				CLANG_ENABLE_OBJC_ARC = YES;
				CLANG_ENABLE_OBJC_WEAK = YES;
				CLANG_WARN_BLOCK_CAPTURE_AUTORELEASING = YES;
				CLANG_WARN_BOOL_CONVERSION = YES;
				CLANG_WARN_COMMA = YES;
				CLANG_WARN_CONSTANT_CONVERSION = YES;
				CLANG_WARN_DEPRECATED_OBJC_IMPLEMENTATIONS = YES;
				CLANG_WARN_DIRECT_OBJC_ISA_USAGE = YES_ERROR;
				CLANG_WARN_DOCUMENTATION_COMMENTS = YES;
				CLANG_WARN_EMPTY_BODY = YES;
				CLANG_WARN_ENUM_CONVERSION = YES;
				CLANG_WARN_INFINITE_RECURSION = YES;
				CLANG_WARN_INT_CONVERSION = YES;
				CLANG_WARN_NON_LITERAL_NULL_CONVERSION = YES;
				CLANG_WARN_OBJC_IMPLICIT_RETAIN_SELF = YES;
				CLANG_WARN_OBJC_LITERAL_CONVERSION = YES;
				CLANG_WARN_OBJC_ROOT_CLASS = YES_ERROR;
				CLANG_WARN_QUOTED_INCLUDE_IN_FRAMEWORK_HEADER = YES;
				CLANG_WARN_RANGE_LOOP_ANALYSIS = YES;
				CLANG_WARN_STRICT_PROTOTYPES = YES;
				CLANG_WARN_SUSPICIOUS_MOVE = YES;
				CLANG_WARN_UNGUARDED_AVAILABILITY = YES_AGGRESSIVE;
				CLANG_WARN_UNREACHABLE_CODE = YES;
				CLANG_WARN__DUPLICATE_METHOD_MATCH = YES;
				COPY_PHASE_STRIP = NO;
				DEBUG_INFORMATION_FORMAT = "dwarf-with-dsym";
				ENABLE_NS_ASSERTIONS = NO;
				ENABLE_STRICT_OBJC_MSGSEND = YES;
				ENABLE_USER_SCRIPT_SANDBOXING = YES;
				GCC_C_LANGUAGE_STANDARD = gnu17;
				GCC_NO_COMMON_BLOCKS = YES;
				GCC_WARN_64_TO_32_BIT_CONVERSION = YES;
				GCC_WARN_ABOUT_RETURN_TYPE = YES_ERROR;
				GCC_WARN_UNDECLARED_SELECTOR = YES;
				GCC_WARN_UNINITIALIZED_AUTOS = YES_AGGRESSIVE;
				GCC_WARN_UNUSED_FUNCTION = YES;
				GCC_WARN_UNUSED_VARIABLE = YES;
				IPHONEOS_DEPLOYMENT_TARGET = 18.4;
				LOCALIZATION_PREFERS_STRING_CATALOGS = YES;
				MTL_ENABLE_DEBUG_INFO = NO;
				MTL_FAST_MATH = YES;
				SDKROOT = iphoneos;
				SWIFT_COMPILATION_MODE = wholemodule;
				VALIDATE_PRODUCT = YES;
			};
			name = Release;
		};
		074687792DCDEE04003B763D /* Debug */ = {
			isa = XCBuildConfiguration;
			buildSettings = {
				BUNDLE_LOADER = "$(TEST_HOST)";
				CODE_SIGN_STYLE = Automatic;
				CURRENT_PROJECT_VERSION = 1;
				GENERATE_INFOPLIST_FILE = YES;
				IPHONEOS_DEPLOYMENT_TARGET = 18.4;
				MARKETING_VERSION = 1.0;
				PRODUCT_BUNDLE_IDENTIFIER = com.example.greenTests;
				PRODUCT_NAME = "$(TARGET_NAME)";
				SWIFT_EMIT_LOC_STRINGS = NO;
				SWIFT_VERSION = 5.0;
				TARGETED_DEVICE_FAMILY = "1,2";
				TEST_HOST = "$(BUILT_PRODUCTS_DIR)/green.app/$(BUNDLE_EXECUTABLE_FOLDER_PATH)/green";
			};
			name = Debug;
		};
		0746877A2DCDEE04003B763D /* Release */ = {
			isa = XCBuildConfiguration;
			buildSettings = {
				BUNDLE_LOADER = "$(TEST_HOST)";
				CODE_SIGN_STYLE = Automatic;
				CURRENT_PROJECT_VERSION = 1;
				GENERATE_INFOPLIST_FILE = YES;
				IPHONEOS_DEPLOYMENT_TARGET = 18.4;
				MARKETING_VERSION = 1.0;
				PRODUCT_BUNDLE_IDENTIFIER = com.example.greenTests;
				PRODUCT_NAME = "$(TARGET_NAME)";
				SWIFT_EMIT_LOC_STRINGS = NO;
				SWIFT_VERSION = 5.0;
				TARGETED_DEVICE_FAMILY = "1,2";
				TEST_HOST = "$(BUILT_PRODUCTS_DIR)/green.app/$(BUNDLE_EXECUTABLE_FOLDER_PATH)/green";
			};
			name = Release;
		};
		0746877C2DCDEE04003B763D /* Debug */ = {
			isa = XCBuildConfiguration;
			buildSettings = {
				CODE_SIGN_STYLE = Automatic;
				CURRENT_PROJECT_VERSION = 1;
				GENERATE_INFOPLIST_FILE = YES;
				MARKETING_VERSION = 1.0;
				PRODUCT_BUNDLE_IDENTIFIER = com.example.greenUITests;
				PRODUCT_NAME = "$(TARGET_NAME)";
				SWIFT_EMIT_LOC_STRINGS = NO;
				SWIFT_VERSION = 5.0;
				TARGETED_DEVICE_FAMILY = "1,2";
				TEST_TARGET_NAME = green;
			};
			name = Debug;
		};
		0746877D2DCDEE04003B763D /* Release */ = {
			isa = XCBuildConfiguration;
			buildSettings = {
				CODE_SIGN_STYLE = Automatic;
				CURRENT_PROJECT_VERSION = 1;
				GENERATE_INFOPLIST_FILE = YES;
				MARKETING_VERSION = 1.0;
				PRODUCT_BUNDLE_IDENTIFIER = com.example.greenUITests;
				PRODUCT_NAME = "$(TARGET_NAME)";
				SWIFT_EMIT_LOC_STRINGS = NO;
				SWIFT_VERSION = 5.0;
				TARGETED_DEVICE_FAMILY = "1,2";
				TEST_TARGET_NAME = green;
			};
			name = Release;
		};
/* End XCBuildConfiguration section */

/* Begin XCConfigurationList section */
		074687452DCDEE02003B763D /* Build configuration list for PBXProject "green" */ = {
			isa = XCConfigurationList;
			buildConfigurations = (
				074687762DCDEE04003B763D /* Debug */,
				074687772DCDEE04003B763D /* Release */,
			);
			defaultConfigurationIsVisible = 0;
			defaultConfigurationName = Release;
		};
		074687732DCDEE04003B763D /* Build configuration list for PBXNativeTarget "green" */ = {
			isa = XCConfigurationList;
			buildConfigurations = (
				074687742DCDEE04003B763D /* Debug */,
				074687752DCDEE04003B763D /* Release */,
			);
			defaultConfigurationIsVisible = 0;
			defaultConfigurationName = Release;
		};
		074687782DCDEE04003B763D /* Build configuration list for PBXNativeTarget "greenTests" */ = {
			isa = XCConfigurationList;
			buildConfigurations = (
				074687792DCDEE04003B763D /* Debug */,
				0746877A2DCDEE04003B763D /* Release */,
			);
			defaultConfigurationIsVisible = 0;
			defaultConfigurationName = Release;
		};
		0746877B2DCDEE04003B763D /* Build configuration list for PBXNativeTarget "greenUITests" */ = {
			isa = XCConfigurationList;
			buildConfigurations = (
				0746877C2DCDEE04003B763D /* Debug */,
				0746877D2DCDEE04003B763D /* Release */,
			);
			defaultConfigurationIsVisible = 0;
			defaultConfigurationName = Release;
		};
/* End XCConfigurationList section */
	};
	rootObject = 074687422DCDEE02003B763D /* Project object */;
}
